
Microsoft Visual Studio Solution File, Format Version 12.00
# Visual Studio Version 16
VisualStudioVersion = 16.0.32002.261
MinimumVisualStudioVersion = 10.0.40219.1
Project("{FAE04EC0-301F-11D3-BF4B-00C04F79EFBC}") = "WF_Numeros", "WF_Numeros\WF_Numeros.csproj", "{37EA9DF0-D62A-473C-878A-383AC5B1A7E1}"
EndProject
Global
	GlobalSection(SolutionConfigurationPlatforms) = preSolution
		Debug|Any CPU = Debug|Any CPU
		Release|Any CPU = Release|Any CPU
	EndGlobalSection
	GlobalSection(ProjectConfigurationPlatforms) = postSolution
		{37EA9DF0-D62A-473C-878A-383AC5B1A7E1}.Debug|Any CPU.ActiveCfg = Debug|Any CPU
		{37EA9DF0-D62A-473C-878A-383AC5B1A7E1}.Debug|Any CPU.Build.0 = Debug|Any CPU
		{37EA9DF0-D62A-473C-878A-383AC5B1A7E1}.Release|Any CPU.ActiveCfg = Release|Any CPU
		{37EA9DF0-D62A-473C-878A-383AC5B1A7E1}.Release|Any CPU.Build.0 = Release|Any CPU
	EndGlobalSection
	GlobalSection(SolutionProperties) = preSolution
		HideSolutionNode = FALSE
	EndGlobalSection
	GlobalSection(ExtensibilityGlobals) = postSolution
		SolutionGuid = {C327BC8B-B040-4F4E-B355-D700780DC9B6}
	EndGlobalSection
EndGlobal
